{
  "projects": [
    {
      "projectId": "caTPwKxj5ZrD9LQ7DMdK4Z",
      "version": "3.11.0",
      "dependencies": {},
      "lang": "ts",
      "fileLocks": [
        {
          "assetId": "caTPwKxj5ZrD9LQ7DMdK4Z",
          "type": "projectCss",
          "checksum": "3f861d9934733b06ddcc0158487615ce"
        }
      ],
      "codegenVersion": "0.0.1"
    },
    {
      "projectId": "7nJ7UcFmq9UzB6eXfC5z4a",
      "version": "0.8.0",
      "dependencies": {},
      "lang": "ts",
      "fileLocks": [
        {
          "assetId": "7nJ7UcFmq9UzB6eXfC5z4a",
          "type": "projectCss",
          "checksum": "8cf9dfd353bbaf2b2583e7046e8136fb"
        }
      ],
      "codegenVersion": "0.0.1"
    },
    {
      "projectId": "kmmGrmCVRJPgZ5NNJMDQ4v",
      "version": "0.9.0",
      "dependencies": {},
      "lang": "ts",
      "fileLocks": [
        {
          "assetId": "kmmGrmCVRJPgZ5NNJMDQ4v",
          "type": "projectCss",
          "checksum": "dd7de7af23dae5f9bf9adf08c16dae86"
        },
        {
          "assetId": "kmmGrmCVRJPgZ5NNJMDQ4v",
          "checksum": "4c11ffda05abbd2236bba01b7f70e6be",
          "type": "globalContexts"
        }
      ],
      "codegenVersion": "0.0.1"
    },
    {
      "projectId": "hjKYmYi6HMwK6TRyk7ew5R",
      "version": "6.11.0",
      "dependencies": {},
      "lang": "ts",
      "fileLocks": [
        {
          "assetId": "hjKYmYi6HMwK6TRyk7ew5R",
          "type": "projectCss",
          "checksum": "e2a20cff976d3b9fabfeecba32540b91"
        },
        {
          "assetId": "hjKYmYi6HMwK6TRyk7ew5R",
          "checksum": "a852c9e350a845f23f056078ffda3e4b",
          "type": "globalContexts"
        }
      ],
      "codegenVersion": "0.0.1"
    },
    {
      "projectId": "YUiM7yqBWAqsh8KSnrdj7",
      "version": "0.9.0",
      "dependencies": {},
      "lang": "ts",
      "fileLocks": [
        {
          "assetId": "YUiM7yqBWAqsh8KSnrdj7",
          "type": "projectCss",
          "checksum": "6be9dbec891937cda3b59d2fd3c44796"
        }
      ],
      "codegenVersion": "0.0.1"
    },
    {
      "projectId": "fK4qwMyg2PyiHXLCzS8ypM",
      "version": "latest",
      "dependencies": {
        "YUiM7yqBWAqsh8KSnrdj7": "0.9.0",
        "hjKYmYi6HMwK6TRyk7ew5R": "6.11.0",
        "kmmGrmCVRJPgZ5NNJMDQ4v": "0.9.0",
        "7nJ7UcFmq9UzB6eXfC5z4a": "0.8.0",
        "caTPwKxj5ZrD9LQ7DMdK4Z": "3.11.0"
      },
      "lang": "ts",
      "fileLocks": [
        {
          "type": "globalVariant",
          "assetId": "A1IuO1Yac82ynY",
          "checksum": "3853056c728c46ab2519c8de04efa5d1"
        },
        {
          "assetId": "fK4qwMyg2PyiHXLCzS8ypM",
          "checksum": "dda8bf0653d596cce7f5be0e12f2f2aa",
          "type": "globalContexts"
        },
        {
          "type": "renderModule",
          "assetId": "eMmCFjLHgeotL",
          "checksum": "3ee1cbe5af02f382fb7c758432d3e43f"
        },
        {
          "type": "cssRules",
          "assetId": "eMmCFjLHgeotL",
          "checksum": "3ee1cbe5af02f382fb7c758432d3e43f"
        },
        {
          "type": "renderModule",
          "assetId": "SM_z65RkSkwoO",
          "checksum": "95529926b1d2365b832c8f2d721e38d6"
        },
        {
          "type": "cssRules",
          "assetId": "SM_z65RkSkwoO",
          "checksum": "95529926b1d2365b832c8f2d721e38d6"
        },
        {
          "type": "renderModule",
          "assetId": "f93wHpeHtU4ZP",
          "checksum": "d5829adabd296d4fc0d59b08d127522c"
        },
        {
          "type": "cssRules",
          "assetId": "f93wHpeHtU4ZP",
          "checksum": "d5829adabd296d4fc0d59b08d127522c"
        },
        {
          "type": "renderModule",
          "assetId": "J-qn3ZB4QhIYWo",
          "checksum": "1e0cb4d952b022b1ba4225db67d5e807"
        },
        {
          "type": "cssRules",
          "assetId": "J-qn3ZB4QhIYWo",
          "checksum": "1e0cb4d952b022b1ba4225db67d5e807"
        },
        {
          "type": "renderModule",
          "assetId": "wf-gqVD0N3dgko",
          "checksum": "c243f7bba3eac5197129d6f1bc0f6167"
        },
        {
          "type": "cssRules",
          "assetId": "wf-gqVD0N3dgko",
          "checksum": "c243f7bba3eac5197129d6f1bc0f6167"
        },
        {
          "type": "renderModule",
          "assetId": "Zah1i5owdpzz9Q",
          "checksum": "e25c709b0552412d27b5151e94c14cce"
        },
        {
          "type": "cssRules",
          "assetId": "Zah1i5owdpzz9Q",
          "checksum": "e25c709b0552412d27b5151e94c14cce"
        },
        {
          "type": "icon",
          "assetId": "kNrUW7zFl9UUMn",
          "checksum": "9ac974fcc32467363c1fc0a0c4ba2f6a"
        },
        {
          "type": "icon",
          "assetId": "cXaQx2xHsNRpo4",
          "checksum": "2fe33f17735aa2c755d45276194ad022"
        },
        {
          "type": "icon",
          "assetId": "b1_RAVVKntT2-M",
          "checksum": "20060493a7f8f402d7bd1465d6ab4121"
        },
        {
          "type": "icon",
          "assetId": "Kz9FsivwgTf1Or",
          "checksum": "54516846d57442bb3cd4b68bb3c324aa"
        },
        {
          "type": "icon",
          "assetId": "MJkr-HcQeNStlP",
          "checksum": "1153cdf5090f49a8212ac87dfd36be21"
        },
        {
          "type": "icon",
          "assetId": "3udwrWgKekv_Xz",
          "checksum": "7403b7d0ce2157082bf7629e9124e852"
        },
        {
          "type": "icon",
          "assetId": "5EYKRoD_19NuCX",
          "checksum": "93671d41a531ae04615831f52010feca"
        },
        {
          "type": "icon",
          "assetId": "GSV1rmzf2Fot2n",
          "checksum": "89b4f994d894b3c2bbc5dd6ad5d2f8d7"
        },
        {
          "type": "icon",
          "assetId": "I6vVbzclRDQ_uw",
          "checksum": "d535cf27e47c07b8d24350593f137d09"
        },
        {
          "type": "icon",
          "assetId": "ei0vW2VDd_0xt1",
          "checksum": "25b8929fe4f6beee7e57c20d03914c8e"
        },
        {
          "type": "icon",
          "assetId": "KFO8oH55IRkNLc",
          "checksum": "0438643b0d2efcef7e3f9df055dbb3f2"
        },
        {
          "type": "icon",
          "assetId": "FcpOaPEibfVNTY",
          "checksum": "b32f381579786a5f668529468023b8e6"
        },
        {
          "type": "icon",
          "assetId": "NutLM_Ojr_EH7J",
          "checksum": "0953a80a6b925ed8b662f00258350c64"
        },
        {
          "type": "icon",
          "assetId": "qYqq-zUKBNW7d5",
          "checksum": "022cf350960d46501e7f7797c70a54ea"
        },
        {
          "type": "image",
          "assetId": "ek05jxmOe0Ms1D",
          "checksum": "84be170c76569a277fc1e1ad84e7e423"
        },
        {
          "type": "image",
          "assetId": "l9IMfaF0Gleq-k",
          "checksum": "239b6a6de7a703cdb4d09b0b826dbcdb"
        },
        {
          "type": "image",
          "assetId": "zLN8hF3Ij0HLm9",
          "checksum": "ac648322f0f0f8279825d077c5dffbee"
        },
        {
          "type": "image",
          "assetId": "VItrH9gzQwdl-C",
          "checksum": "f9548efeabf9a47ed2b34ddf1ae09ad8"
        },
        {
          "type": "image",
          "assetId": "_LRtS94hwYX6a9",
          "checksum": "ec62d4a153e24c65dc56e9da329892f0"
        },
        {
          "type": "image",
          "assetId": "nqZHff45gnrRzx",
          "checksum": "603ca7a8c6bb15fa60b82f2c4f12faf0"
        },
        {
          "type": "image",
          "assetId": "EwQ_e2D8yoxyKB",
          "checksum": "903ac1b71c7c13006b5112d41e0b1bf7"
        },
        {
          "type": "image",
          "assetId": "ID1cpEfVxg7U8V",
          "checksum": "33f222271452a5ec63a22318de6d1b24"
        },
        {
          "type": "image",
          "assetId": "qK8fB2xcrKzCMe",
          "checksum": "2d5a163dc9625327ed5c1494bd31f94c"
        },
        {
          "type": "image",
          "assetId": "v5QZuH-DXcGB0D",
          "checksum": "eadf0ea3556c53950bfd289f04ba46a4"
        },
        {
          "type": "image",
          "assetId": "szX6s9j-yNfwL8",
          "checksum": "859a5a1fc41ef3e0036c6de9a1d3b1a6"
        },
        {
          "type": "image",
          "assetId": "n73zwUMQzrYKcU",
          "checksum": "ffd5409c4cc543237612e479b81dfbc8"
        },
        {
          "type": "image",
          "assetId": "bPfFogcE6XH2Yh",
          "checksum": "b04940a2c1322a77e08fd81c5da6daf1"
        },
        {
          "type": "image",
          "assetId": "MMxD_2b15CB-LB",
          "checksum": "20f081fc752dd0388bae25f2d7980ef0"
        },
        {
          "type": "image",
          "assetId": "JY58tX0flIq8LC",
          "checksum": "5dc4688e12a136b9314aad6072a8959e"
        },
        {
          "type": "image",
          "assetId": "-CymLbGo2VC-M0",
          "checksum": "341cfeec332c179bfa216d02f0617afc"
        },
        {
          "type": "image",
          "assetId": "wmggYlx3VbAr0P",
          "checksum": "4245010c18814ac9b36be10d3263b301"
        },
        {
          "type": "image",
          "assetId": "S-VQUB98FuSQHn",
          "checksum": "7d934f6e29ff909586be41c67d866f48"
        },
        {
          "type": "image",
          "assetId": "L7Svm6gKT5hU0U",
          "checksum": "6b3e6d73e1d0ddc6525c689f3e7b88f9"
        },
        {
          "type": "image",
          "assetId": "dnbuiZQ81cccT9",
          "checksum": "ee0ab91c234867fab539b49269f4f4a0"
        },
        {
          "type": "image",
          "assetId": "61hnef06Q3va5U",
          "checksum": "6c1831495f7b81c6dd2b9a55eeb50722"
        },
        {
          "type": "image",
          "assetId": "cD87JbdNnDpkNy",
          "checksum": "6ae9a2cd82671fb830976131080de7ce"
        },
        {
          "type": "image",
          "assetId": "zLsv2aJTKLTj3X",
          "checksum": "76905e01d442705cd9bd4e9b57cb6609"
        },
        {
          "type": "image",
          "assetId": "Ltct7_GJ_nHif7",
          "checksum": "71525212bd3cb3653fecda3d14c4ef0e"
        },
        {
          "type": "image",
          "assetId": "svtuWXh_6man1g",
          "checksum": "27c65d3a8d770a3bc241bc83401a3754"
        },
        {
          "type": "image",
          "assetId": "1idaXd_Sdq-2yI",
          "checksum": "fa0c3901cd6e97659736fdd0f5fe4d68"
        },
        {
          "type": "image",
          "assetId": "6eSCCn7SU9xkif",
          "checksum": "6b72ebcd779f06f4d41b57082c383dfb"
        },
        {
          "type": "image",
          "assetId": "NmKq5R8NtNR499",
          "checksum": "5237b72a50cf55fe2f033dbb87bbcfab"
        },
        {
          "type": "image",
          "assetId": "E44xBD8U0W1jkX",
          "checksum": "5312d7715bc59e7f83a19e8a8acd4709"
        },
        {
          "type": "image",
          "assetId": "2Upb5htpL9df9O",
          "checksum": "d049702ef81c44865fb83900de224096"
        },
        {
          "type": "image",
          "assetId": "LFwVQKLoUHKUSF",
          "checksum": "e1be85c6f149ec72494175d126601e2c"
        },
        {
          "type": "image",
          "assetId": "3L9KNtEwnuT-AR",
          "checksum": "05b3dc6af9e12f764c041f2ae1e244c2"
        },
        {
          "type": "image",
          "assetId": "PUNv3JD2SFwa_x",
          "checksum": "cffe6a4c6af598ec2642220feb0eb49d"
        },
        {
          "type": "image",
          "assetId": "1uLzCxy_WrC6ps",
          "checksum": "ec55fe337cb861fd54a2e756d5a3528b"
        },
        {
          "type": "image",
          "assetId": "BeMUrm64a2eOwp",
          "checksum": "7205818296f59e804e80acca79617715"
        },
        {
          "type": "image",
          "assetId": "nahGckk1ukeGs0",
          "checksum": "6651514be23528d71a1e6094d7fa481d"
        },
        {
          "type": "image",
          "assetId": "qMfuV9e6SxZJIi",
          "checksum": "c6c2941e0f8cb2e25b8ef4b8c69752e5"
        },
        {
          "type": "image",
          "assetId": "tNNsKtAg2GU4u6",
          "checksum": "69d485cbe1e25685f1e18d075f3a3ea3"
        },
        {
          "type": "image",
          "assetId": "6N524Jb4G2IlwP",
          "checksum": "893c77489786a9872a638c6c90555d67"
        },
        {
          "type": "image",
          "assetId": "UwrNcnLm2bVK6A",
          "checksum": "df10f83754646917ca5b5ae7e5618471"
        },
        {
          "type": "image",
          "assetId": "nBthn1n-_aGA_c",
          "checksum": "89d5f778ab0eb3acd75e4ecf68529112"
        },
        {
          "type": "image",
          "assetId": "s_yDLWrg5CsAb1",
          "checksum": "f1da5f5d9a0df54479e340cb78bda10a"
        },
        {
          "type": "image",
          "assetId": "PWdXQD0zF9YKo-",
          "checksum": "d3a18e0f68aad82a45eafbbd00ff8782"
        },
        {
          "type": "image",
          "assetId": "yKQTkVC0HKsn-O",
          "checksum": "a4660bac4dc4efe646aa0d82c49aa082"
        },
        {
          "type": "image",
          "assetId": "O_eZgu6rdazANt",
          "checksum": "5498776f6b36c58fdd7ead40c3131905"
        },
        {
          "type": "image",
          "assetId": "hg4UahbKAfFd6x",
          "checksum": "e57062c332bf58c5b39b42a76bf8ec7d"
        },
        {
          "type": "image",
          "assetId": "jR2GxGsipbPYbb",
          "checksum": "e8deb9738dd29e542fb581e8739433dc"
        },
        {
          "type": "image",
          "assetId": "HW5ZUsytb6QOiG",
          "checksum": "056725fc42acd0e4b142168785968534"
        },
        {
          "type": "image",
          "assetId": "EXmwToFJeoxaEe",
          "checksum": "4c50900e3c9a27e1152e1b1a2df4cd06"
        },
        {
          "assetId": "fK4qwMyg2PyiHXLCzS8ypM",
          "type": "projectCss",
          "checksum": "b6f0a559830e3967440afdae90afd718"
        }
      ],
      "codegenVersion": "0.0.1"
    }
  ],
  "cliVersion": "0.1.196"
}
